lockfileVersion: '9.0'

settings:
  autoInstallPeers: true
  excludeLinksFromLockfile: false

importers:

  .:
    dependencies:
      '@earendil-works/pi-tui':
        specifier: ^0.80.3
        version: 0.80.3
      '@local/pi-tui-theme-test':
        specifier: link:pi-tui-theme-test
        version: link:pi-tui-theme-test
      chalk:
        specifier: ^5.6.2
        version: 5.6.2

packages:

  '@earendil-works/pi-tui@0.80.3':
    resolution: {integrity: sha512-2BJI6qwRQfnM0Q7seL1+SbacU/jRRjBnN7Hu3n9BjAn7/s5FaBNnvdD1qBQYRsFTHfjqMaDsjYqanPyqwXj99w==}
    engines: {node: '>=22.19.0'}

  chalk@5.6.2:
    resolution: {integrity: sha512-7NzBL0rN6fMUW+f7A6Io4h40qQlG+xGmtMxfbnH/K7TAtt8JQWVQK+6g0UXKMeVJoyV5EkkNsErQ8pVD3bLHbA==}
    engines: {node: ^12.17.0 || ^14.13 || >=16.0.0}

  get-east-asian-width@1.6.0:
    resolution: {integrity: sha512-QRbvDIbx6YklUe6RxeTeleMR0yv3cYH6PsPZHcnVn7xv7zO1BHN8r0XETu8n6Ye3Q+ahtSarc3WgtNWmehIBfA==}
    engines: {node: '>=18'}

  marked@18.0.5:
    resolution: {integrity: sha512-S6GcvALHg6K4ohtu4E7x0a1AqhAjp6cV8KhLSyN9qVapnzJkusVBxZRcIU9AeYsbe6P1hKDusSbEOzGyyuce6w==}
    engines: {node: '>= 20'}
    hasBin: true

snapshots:

  '@earendil-works/pi-tui@0.80.3':
    dependencies:
      get-east-asian-width: 1.6.0
      marked: 18.0.5

  chalk@5.6.2: {}

  get-east-asian-width@1.6.0: {}

  marked@18.0.5: {}
